
Microsoft Visual Studio Solution File, Format Version 12.00
# Visual Studio Version 16
VisualStudioVersion = 16.0.31911.196
MinimumVisualStudioVersion = 10.0.40219.1
Project("{FAE04EC0-301F-11D3-BF4B-00C04F79EFBC}") = "Pudełko", "Pudełko\Pudełko.csproj", "{F88A3BA4-772F-4D1C-BDC8-451FC89FA90A}"
EndProject
Global
	GlobalSection(SolutionConfigurationPlatforms) = preSolution
		Debug|Any CPU = Debug|Any CPU
		Release|Any CPU = Release|Any CPU
	EndGlobalSection
	GlobalSection(ProjectConfigurationPlatforms) = postSolution
		{F88A3BA4-772F-4D1C-BDC8-451FC89FA90A}.Debug|Any CPU.ActiveCfg = Debug|Any CPU
		{F88A3BA4-772F-4D1C-BDC8-451FC89FA90A}.Debug|Any CPU.Build.0 = Debug|Any CPU
		{F88A3BA4-772F-4D1C-BDC8-451FC89FA90A}.Release|Any CPU.ActiveCfg = Release|Any CPU
		{F88A3BA4-772F-4D1C-BDC8-451FC89FA90A}.Release|Any CPU.Build.0 = Release|Any CPU
	EndGlobalSection
	GlobalSection(SolutionProperties) = preSolution
		HideSolutionNode = FALSE
	EndGlobalSection
	GlobalSection(ExtensibilityGlobals) = postSolution
		SolutionGuid = {60CE4BCA-EADC-48E9-94D0-E0497E77B7F0}
	EndGlobalSection
EndGlobal
